Microsoft Visual Studio Solution File, Format Version 12.00
# Visual Studio Version 17
VisualStudioVersion = 17.0.31903.59
MinimumVisualStudioVersion = 10.0.40219.1
Project("{FAE04EC0-301F-11D3-BF4B-00C04F79EFBC}") = "Nexus.Domain", "src\Nexus.Domain\Nexus.Domain.csproj", "{A10B0C01-1111-4AAA-8BBB-000000000001}"
EndProject
Project("{FAE04EC0-301F-11D3-BF4B-00C04F79EFBC}") = "Nexus.Application", "src\Nexus.Application\Nexus.Application.csproj", "{A10B0C02-1111-4AAA-8BBB-000000000002}"
EndProject
Project("{FAE04EC0-301F-11D3-BF4B-00C04F79EFBC}") = "Nexus.Infrastructure", "src\Nexus.Infrastructure\Nexus.Infrastructure.csproj", "{A10B0C03-1111-4AAA-8BBB-000000000003}"
EndProject
Project("{FAE04EC0-301F-11D3-BF4B-00C04F79EFBC}") = "Nexus.Presentation", "src\Nexus.Presentation\Nexus.Presentation.csproj", "{A10B0C04-1111-4AAA-8BBB-000000000004}"
EndProject
Project("{FAE04EC0-301F-11D3-BF4B-00C04F79EFBC}") = "Nexus.Tests", "tests\Nexus.Tests\Nexus.Tests.csproj", "{A10B0C05-1111-4AAA-8BBB-000000000005}"
EndProject
Global
	GlobalSection(SolutionConfigurationPlatforms) = preSolution
		Debug|Any CPU = Debug|Any CPU
		Release|Any CPU = Release|Any CPU
	EndGlobalSection
	GlobalSection(ProjectConfigurationPlatforms) = postSolution
		{A10B0C01-1111-4AAA-8BBB-000000000001}.Debug|Any CPU.ActiveCfg = Debug|Any CPU
		{A10B0C01-1111-4AAA-8BBB-000000000001}.Debug|Any CPU.Build.0 = Debug|Any CPU
		{A10B0C01-1111-4AAA-8BBB-000000000001}.Release|Any CPU.ActiveCfg = Release|Any CPU
		{A10B0C01-1111-4AAA-8BBB-000000000001}.Release|Any CPU.Build.0 = Release|Any CPU
		{A10B0C02-1111-4AAA-8BBB-000000000002}.Debug|Any CPU.ActiveCfg = Debug|Any CPU
		{A10B0C02-1111-4AAA-8BBB-000000000002}.Debug|Any CPU.Build.0 = Debug|Any CPU
		{A10B0C02-1111-4AAA-8BBB-000000000002}.Release|Any CPU.ActiveCfg = Release|Any CPU
		{A10B0C02-1111-4AAA-8BBB-000000000002}.Release|Any CPU.Build.0 = Release|Any CPU
		{A10B0C03-1111-4AAA-8BBB-000000000003}.Debug|Any CPU.ActiveCfg = Debug|Any CPU
		{A10B0C03-1111-4AAA-8BBB-000000000003}.Debug|Any CPU.Build.0 = Debug|Any CPU
		{A10B0C03-1111-4AAA-8BBB-000000000003}.Release|Any CPU.ActiveCfg = Release|Any CPU
		{A10B0C03-1111-4AAA-8BBB-000000000003}.Release|Any CPU.Build.0 = Release|Any CPU
		{A10B0C04-1111-4AAA-8BBB-000000000004}.Debug|Any CPU.ActiveCfg = Debug|Any CPU
		{A10B0C04-1111-4AAA-8BBB-000000000004}.Debug|Any CPU.Build.0 = Debug|Any CPU
		{A10B0C04-1111-4AAA-8BBB-000000000004}.Release|Any CPU.ActiveCfg = Release|Any CPU
		{A10B0C04-1111-4AAA-8BBB-000000000004}.Release|Any CPU.Build.0 = Release|Any CPU
		{A10B0C05-1111-4AAA-8BBB-000000000005}.Debug|Any CPU.ActiveCfg = Debug|Any CPU
		{A10B0C05-1111-4AAA-8BBB-000000000005}.Debug|Any CPU.Build.0 = Debug|Any CPU
		{A10B0C05-1111-4AAA-8BBB-000000000005}.Release|Any CPU.ActiveCfg = Release|Any CPU
		{A10B0C05-1111-4AAA-8BBB-000000000005}.Release|Any CPU.Build.0 = Release|Any CPU
	EndGlobalSection
	GlobalSection(SolutionProperties) = preSolution
		HideSolutionNode = FALSE
	EndGlobalSection
EndGlobal
